// !$*UTF8*$!
{
	archiveVersion = 1;
	classes = {
	};
	objectVersion = 55;
	objects = {

/* Begin PBXBuildFile section */
		4862577B3AF39B1DFEE08049 /* Pods_LateNightChauffeursTests.framework in Frameworks */ = {isa = PBXBuildFile; fileRef = 9F6AFAC944C06DEEFF607C5A /* Pods_LateNightChauffeursTests.framework */; };
		BA36D84228C8C39800B73053 /* AppDelegate.swift in Sources */ = {isa = PBXBuildFile; fileRef = BA36D84128C8C39800B73053 /* AppDelegate.swift */; };
		BA36D84628C8C39800B73053 /* ViewController.swift in Sources */ = {isa = PBXBuildFile; fileRef = BA36D84528C8C39800B73053 /* ViewController.swift */; };
		BA36D84928C8C39800B73053 /* Main.storyboard in Resources */ = {isa = PBXBuildFile; fileRef = BA36D84728C8C39800B73053 /* Main.storyboard */; };
		BA36D84C28C8C39800B73053 /* LateNightChauffeurs.xcdatamodeld in Sources */ = {isa = PBXBuildFile; fileRef = BA36D84A28C8C39800B73053 /* LateNightChauffeurs.xcdatamodeld */; };
		BA36D84E28C8C3A300B73053 /* Assets.xcassets in Resources */ = {isa = PBXBuildFile; fileRef = BA36D84D28C8C3A300B73053 /* Assets.xcassets */; };
		BA36D85128C8C3A300B73053 /* LaunchScreen.storyboard in Resources */ = {isa = PBXBuildFile; fileRef = BA36D84F28C8C3A300B73053 /* LaunchScreen.storyboard */; };
		BA36D85C28C8C3A400B73053 /* LateNightChauffeursTests.swift in Sources */ = {isa = PBXBuildFile; fileRef = BA36D85B28C8C3A400B73053 /* LateNightChauffeursTests.swift */; };
		BA36D86628C8C3A400B73053 /* LateNightChauffeursUITests.swift in Sources */ = {isa = PBXBuildFile; fileRef = BA36D86528C8C3A400B73053 /* LateNightChauffeursUITests.swift */; };
		BA36D86828C8C3A400B73053 /* LateNightChauffeursUITestsLaunchTests.swift in Sources */ = {isa = PBXBuildFile; fileRef = BA36D86728C8C3A400B73053 /* LateNightChauffeursUITestsLaunchTests.swift */; };
		BA726D0028C8D3EC00E8D351 /* background.png in Resources */ = {isa = PBXBuildFile; fileRef = BA726CFF28C8D3EB00E8D351 /* background.png */; };
		BA726D0428C8D4E000E8D351 /* expanded.png in Resources */ = {isa = PBXBuildFile; fileRef = BA726D0228C8D4DF00E8D351 /* expanded.png */; };
		BA726D0528C8D4E000E8D351 /* collapsed.png in Resources */ = {isa = PBXBuildFile; fileRef = BA726D0328C8D4E000E8D351 /* collapsed.png */; };
		C93A29BE07006C6359B70AB2 /* Pods_LateNightChauffeurs.framework in Frameworks */ = {isa = PBXBuildFile; fileRef = F599E5A20DB51E52A7B1C860 /* Pods_LateNightChauffeurs.framework */; };
		CEC9F234DF541C4F3CBB088D /* Pods_LateNightChauffeurs_LateNightChauffeursUITests.framework in Frameworks */ = {isa = PBXBuildFile; fileRef = FB3521EEC17DB0B15DD0752B /* Pods_LateNightChauffeurs_LateNightChauffeursUITests.framework */; };
/* End PBXBuildFile section */

/* Begin PBXContainerItemProxy section */
		BA36D85828C8C3A400B73053 /* PBXContainerItemProxy */ = {
			isa = PBXContainerItemProxy;
			containerPortal = BA36D83628C8C39700B73053 /* Project object */;
			proxyType = 1;
			remoteGlobalIDString = BA36D83D28C8C39800B73053;
			remoteInfo = LateNightChauffeurs;
		};
		BA36D86228C8C3A400B73053 /* PBXContainerItemProxy */ = {
			isa = PBXContainerItemProxy;
			containerPortal = BA36D83628C8C39700B73053 /* Project object */;
			proxyType = 1;
			remoteGlobalIDString = BA36D83D28C8C39800B73053;
			remoteInfo = LateNightChauffeurs;
		};
/* End PBXContainerItemProxy section */

/* Begin PBXFileReference section */
		0F7A838214D8C6D343A0CB96 /* Pods-LateNightChauffeurs-LateNightChauffeursUITests.debug.xcconfig */ = {isa = PBXFileReference; includeInIndex = 1; lastKnownFileType = text.xcconfig; name = "Pods-LateNightChauffeurs-LateNightChauffeursUITests.debug.xcconfig"; path = "Target Support Files/Pods-LateNightChauffeurs-LateNightChauffeursUITests/Pods-LateNightChauffeurs-LateNightChauffeursUITests.debug.xcconfig"; sourceTree = "<group>"; };
		22F738799C2CABF423305ABA /* Pods-LateNightChauffeursTests.release.xcconfig */ = {isa = PBXFileReference; includeInIndex = 1; lastKnownFileType = text.xcconfig; name = "Pods-LateNightChauffeursTests.release.xcconfig"; path = "Target Support Files/Pods-LateNightChauffeursTests/Pods-LateNightChauffeursTests.release.xcconfig"; sourceTree = "<group>"; };
		24CDEF3529B4C6383847DD44 /* Pods-LateNightChauffeursTests.debug.xcconfig */ = {isa = PBXFileReference; includeInIndex = 1; lastKnownFileType = text.xcconfig; name = "Pods-LateNightChauffeursTests.debug.xcconfig"; path = "Target Support Files/Pods-LateNightChauffeursTests/Pods-LateNightChauffeursTests.debug.xcconfig"; sourceTree = "<group>"; };
		610699CEE9C5A65B4A29E4EE /* Pods-LateNightChauffeurs.debug.xcconfig */ = {isa = PBXFileReference; includeInIndex = 1; lastKnownFileType = text.xcconfig; name = "Pods-LateNightChauffeurs.debug.xcconfig"; path = "Target Support Files/Pods-LateNightChauffeurs/Pods-LateNightChauffeurs.debug.xcconfig"; sourceTree = "<group>"; };
		68F165CB21FC19D2ABC49E41 /* Pods-LateNightChauffeurs-LateNightChauffeursUITests.release.xcconfig */ = {isa = PBXFileReference; includeInIndex = 1; lastKnownFileType = text.xcconfig; name = "Pods-LateNightChauffeurs-LateNightChauffeursUITests.release.xcconfig"; path = "Target Support Files/Pods-LateNightChauffeurs-LateNightChauffeursUITests/Pods-LateNightChauffeurs-LateNightChauffeursUITests.release.xcconfig"; sourceTree = "<group>"; };
		9F6AFAC944C06DEEFF607C5A /* Pods_LateNightChauffeursTests.framework */ = {isa = PBXFileReference; explicitFileType = wrapper.framework; includeInIndex = 0; path = Pods_LateNightChauffeursTests.framework; sourceTree = BUILT_PRODUCTS_DIR; };
		BA36D83E28C8C39800B73053 /* LateNightChauffeurs.app */ = {isa = PBXFileReference; explicitFileType = wrapper.application; includeInIndex = 0; path = LateNightChauffeurs.app; sourceTree = BUILT_PRODUCTS_DIR; };
		BA36D84128C8C39800B73053 /* AppDelegate.swift */ = {isa = PBXFileReference; lastKnownFileType = sourcecode.swift; path = AppDelegate.swift; sourceTree = "<group>"; };
		BA36D84528C8C39800B73053 /* ViewController.swift */ = {isa = PBXFileReference; lastKnownFileType = sourcecode.swift; path = ViewController.swift; sourceTree = "<group>"; };
		BA36D84828C8C39800B73053 /* Base */ = {isa = PBXFileReference; lastKnownFileType = file.storyboard; name = Base; path = Base.lproj/Main.storyboard; sourceTree = "<group>"; };
		BA36D84B28C8C39800B73053 /* LateNightChauffeurs.xcdatamodel */ = {isa = PBXFileReference; lastKnownFileType = wrapper.xcdatamodel; path = LateNightChauffeurs.xcdatamodel; sourceTree = "<group>"; };
		BA36D84D28C8C3A300B73053 /* Assets.xcassets */ = {isa = PBXFileReference; lastKnownFileType = folder.assetcatalog; path = Assets.xcassets; sourceTree = "<group>"; };
		BA36D85028C8C3A300B73053 /* Base */ = {isa = PBXFileReference; lastKnownFileType = file.storyboard; name = Base; path = Base.lproj/LaunchScreen.storyboard; sourceTree = "<group>"; };
		BA36D85228C8C3A300B73053 /* Info.plist */ = {isa = PBXFileReference; lastKnownFileType = text.plist.xml; path = Info.plist; sourceTree = "<group>"; };
		BA36D85728C8C3A400B73053 /* LateNightChauffeursTests.xctest */ = {isa = PBXFileReference; explicitFileType = wrapper.cfbundle; includeInIndex = 0; path = LateNightChauffeursTests.xctest; sourceTree = BUILT_PRODUCTS_DIR; };
		BA36D85B28C8C3A400B73053 /* LateNightChauffeursTests.swift */ = {isa = PBXFileReference; lastKnownFileType = sourcecode.swift; path = LateNightChauffeursTests.swift; sourceTree = "<group>"; };
		BA36D86128C8C3A400B73053 /* LateNightChauffeursUITests.xctest */ = {isa = PBXFileReference; explicitFileType = wrapper.cfbundle; includeInIndex = 0; path = LateNightChauffeursUITests.xctest; sourceTree = BUILT_PRODUCTS_DIR; };
		BA36D86528C8C3A400B73053 /* LateNightChauffeursUITests.swift */ = {isa = PBXFileReference; lastKnownFileType = sourcecode.swift; path = LateNightChauffeursUITests.swift; sourceTree = "<group>"; };
		BA36D86728C8C3A400B73053 /* LateNightChauffeursUITestsLaunchTests.swift */ = {isa = PBXFileReference; lastKnownFileType = sourcecode.swift; path = LateNightChauffeursUITestsLaunchTests.swift; sourceTree = "<group>"; };
		BA726CFF28C8D3EB00E8D351 /* background.png */ = {isa = PBXFileReference; lastKnownFileType = image.png; path = background.png; sourceTree = "<group>"; };
		BA726D0128C8D49F00E8D351 /* LateNightChauffeurs.entitlements */ = {isa = PBXFileReference; lastKnownFileType = text.plist.entitlements; path = LateNightChauffeurs.entitlements; sourceTree = "<group>"; };
		BA726D0228C8D4DF00E8D351 /* expanded.png */ = {isa = PBXFileReference; lastKnownFileType = image.png; path = expanded.png; sourceTree = "<group>"; };
		BA726D0328C8D4E000E8D351 /* collapsed.png */ = {isa = PBXFileReference; lastKnownFileType = image.png; path = collapsed.png; sourceTree = "<group>"; };
		F599E5A20DB51E52A7B1C860 /* Pods_LateNightChauffeurs.framework */ = {isa = PBXFileReference; explicitFileType = wrapper.framework; includeInIndex = 0; path = Pods_LateNightChauffeurs.framework; sourceTree = BUILT_PRODUCTS_DIR; };
		F7DF40909CFD97A3AA3CAAC8 /* Pods-LateNightChauffeurs.release.xcconfig */ = {isa = PBXFileReference; includeInIndex = 1; lastKnownFileType = text.xcconfig; name = "Pods-LateNightChauffeurs.release.xcconfig"; path = "Target Support Files/Pods-LateNightChauffeurs/Pods-LateNightChauffeurs.release.xcconfig"; sourceTree = "<group>"; };
		FB3521EEC17DB0B15DD0752B /* Pods_LateNightChauffeurs_LateNightChauffeursUITests.framework */ = {isa = PBXFileReference; explicitFileType = wrapper.framework; includeInIndex = 0; path = Pods_LateNightChauffeurs_LateNightChauffeursUITests.framework; sourceTree = BUILT_PRODUCTS_DIR; };
/* End PBXFileReference section */

/* Begin PBXFrameworksBuildPhase section */
		BA36D83B28C8C39800B73053 /* Frameworks */ = {
			isa = PBXFrameworksBuildPhase;
			buildActionMask = 2147483647;
			files = (
				C93A29BE07006C6359B70AB2 /* Pods_LateNightChauffeurs.framework in Frameworks */,
			);
			runOnlyForDeploymentPostprocessing = 0;
		};
		BA36D85428C8C3A400B73053 /* Frameworks */ = {
			isa = PBXFrameworksBuildPhase;
			buildActionMask = 2147483647;
			files = (
				4862577B3AF39B1DFEE08049 /* Pods_LateNightChauffeursTests.framework in Frameworks */,
			);
			runOnlyForDeploymentPostprocessing = 0;
		};
		BA36D85E28C8C3A400B73053 /* Frameworks */ = {
			isa = PBXFrameworksBuildPhase;
			buildActionMask = 2147483647;
			files = (
				CEC9F234DF541C4F3CBB088D /* Pods_LateNightChauffeurs_LateNightChauffeursUITests.framework in Frameworks */,
			);
			runOnlyForDeploymentPostprocessing = 0;
		};
/* End PBXFrameworksBuildPhase section */

/* Begin PBXGroup section */
		7DA76B515DCEEDF832F98104 /* Frameworks */ = {
			isa = PBXGroup;
			children = (
				F599E5A20DB51E52A7B1C860 /* Pods_LateNightChauffeurs.framework */,
				FB3521EEC17DB0B15DD0752B /* Pods_LateNightChauffeurs_LateNightChauffeursUITests.framework */,
				9F6AFAC944C06DEEFF607C5A /* Pods_LateNightChauffeursTests.framework */,
			);
			name = Frameworks;
			sourceTree = "<group>";
		};
		B8BEF5AC56D638A78933DD28 /* Pods */ = {
			isa = PBXGroup;
			children = (
				610699CEE9C5A65B4A29E4EE /* Pods-LateNightChauffeurs.debug.xcconfig */,
				F7DF40909CFD97A3AA3CAAC8 /* Pods-LateNightChauffeurs.release.xcconfig */,
				0F7A838214D8C6D343A0CB96 /* Pods-LateNightChauffeurs-LateNightChauffeursUITests.debug.xcconfig */,
				68F165CB21FC19D2ABC49E41 /* Pods-LateNightChauffeurs-LateNightChauffeursUITests.release.xcconfig */,
				24CDEF3529B4C6383847DD44 /* Pods-LateNightChauffeursTests.debug.xcconfig */,
				22F738799C2CABF423305ABA /* Pods-LateNightChauffeursTests.release.xcconfig */,
			);
			path = Pods;
			sourceTree = "<group>";
		};
		BA36D83528C8C39700B73053 = {
			isa = PBXGroup;
			children = (
				BA36D84028C8C39800B73053 /* LateNightChauffeurs */,
				BA36D85A28C8C3A400B73053 /* LateNightChauffeursTests */,
				BA36D86428C8C3A400B73053 /* LateNightChauffeursUITests */,
				BA36D83F28C8C39800B73053 /* Products */,
				B8BEF5AC56D638A78933DD28 /* Pods */,
				7DA76B515DCEEDF832F98104 /* Frameworks */,
			);
			sourceTree = "<group>";
		};
		BA36D83F28C8C39800B73053 /* Products */ = {
			isa = PBXGroup;
			children = (
				BA36D83E28C8C39800B73053 /* LateNightChauffeurs.app */,
				BA36D85728C8C3A400B73053 /* LateNightChauffeursTests.xctest */,
				BA36D86128C8C3A400B73053 /* LateNightChauffeursUITests.xctest */,
			);
			name = Products;
			sourceTree = "<group>";
		};
		BA36D84028C8C39800B73053 /* LateNightChauffeurs */ = {
			isa = PBXGroup;
			children = (
				BA726D0128C8D49F00E8D351 /* LateNightChauffeurs.entitlements */,
				BA36D84128C8C39800B73053 /* AppDelegate.swift */,
				BA36D84528C8C39800B73053 /* ViewController.swift */,
				BA36D84728C8C39800B73053 /* Main.storyboard */,
				BA36D84D28C8C3A300B73053 /* Assets.xcassets */,
				BA36D84F28C8C3A300B73053 /* LaunchScreen.storyboard */,
				BA726CFF28C8D3EB00E8D351 /* background.png */,
				BA726D0328C8D4E000E8D351 /* collapsed.png */,
				BA726D0228C8D4DF00E8D351 /* expanded.png */,
				BA36D85228C8C3A300B73053 /* Info.plist */,
				BA36D84A28C8C39800B73053 /* LateNightChauffeurs.xcdatamodeld */,
			);
			path = LateNightChauffeurs;
			sourceTree = "<group>";
		};
		BA36D85A28C8C3A400B73053 /* LateNightChauffeursTests */ = {
			isa = PBXGroup;
			children = (
				BA36D85B28C8C3A400B73053 /* LateNightChauffeursTests.swift */,
			);
			path = LateNightChauffeursTests;
			sourceTree = "<group>";
		};
		BA36D86428C8C3A400B73053 /* LateNightChauffeursUITests */ = {
			isa = PBXGroup;
			children = (
				BA36D86528C8C3A400B73053 /* LateNightChauffeursUITests.swift */,
				BA36D86728C8C3A400B73053 /* LateNightChauffeursUITestsLaunchTests.swift */,
			);
			path = LateNightChauffeursUITests;
			sourceTree = "<group>";
		};
/* End PBXGroup section */

/* Begin PBXNativeTarget section */
		BA36D83D28C8C39800B73053 /* LateNightChauffeurs */ = {
			isa = PBXNativeTarget;
			buildConfigurationList = BA36D86B28C8C3A400B73053 /* Build configuration list for PBXNativeTarget "LateNightChauffeurs" */;
			buildPhases = (
				92847A964878FE112FCA9FE4 /* [CP] Check Pods Manifest.lock */,
				BA36D83A28C8C39800B73053 /* Sources */,
				BA36D83B28C8C39800B73053 /* Frameworks */,
				BA36D83C28C8C39800B73053 /* Resources */,
				60F4C9CDBB1788357E71BF07 /* [CP] Embed Pods Frameworks */,
				B198407F96D62A1380E31D25 /* [CP] Copy Pods Resources */,
			);
			buildRules = (
			);
			dependencies = (
			);
			name = LateNightChauffeurs;
			productName = LateNightChauffeurs;
			productReference = BA36D83E28C8C39800B73053 /* LateNightChauffeurs.app */;
			productType = "com.apple.product-type.application";
		};
		BA36D85628C8C3A400B73053 /* LateNightChauffeursTests */ = {
			isa = PBXNativeTarget;
			buildConfigurationList = BA36D86E28C8C3A400B73053 /* Build configuration list for PBXNativeTarget "LateNightChauffeursTests" */;
			buildPhases = (
				FBC30B6CF599A2E15305E9EC /* [CP] Check Pods Manifest.lock */,
				BA36D85328C8C3A400B73053 /* Sources */,
				BA36D85428C8C3A400B73053 /* Frameworks */,
				BA36D85528C8C3A400B73053 /* Resources */,
			);
			buildRules = (
			);
			dependencies = (
				BA36D85928C8C3A400B73053 /* PBXTargetDependency */,
			);
			name = LateNightChauffeursTests;
			productName = LateNightChauffeursTests;
			productReference = BA36D85728C8C3A400B73053 /* LateNightChauffeursTests.xctest */;
			productType = "com.apple.product-type.bundle.unit-test";
		};
		BA36D86028C8C3A400B73053 /* LateNightChauffeursUITests */ = {
			isa = PBXNativeTarget;
			buildConfigurationList = BA36D87128C8C3A400B73053 /* Build configuration list for PBXNativeTarget "LateNightChauffeursUITests" */;
			buildPhases = (
				EA525AFDDAB7C1A7C10C39CE /* [CP] Check Pods Manifest.lock */,
				BA36D85D28C8C3A400B73053 /* Sources */,
				BA36D85E28C8C3A400B73053 /* Frameworks */,
				BA36D85F28C8C3A400B73053 /* Resources */,
				253EC80B7CC2B412660E5C66 /* [CP] Embed Pods Frameworks */,
				3694ED3355CC8F753DDFCD70 /* [CP] Copy Pods Resources */,
			);
			buildRules = (
			);
			dependencies = (
				BA36D86328C8C3A400B73053 /* PBXTargetDependency */,
			);
			name = LateNightChauffeursUITests;
			productName = LateNightChauffeursUITests;
			productReference = BA36D86128C8C3A400B73053 /* LateNightChauffeursUITests.xctest */;
			productType = "com.apple.product-type.bundle.ui-testing";
		};
/* End PBXNativeTarget section */

/* Begin PBXProject section */
		BA36D83628C8C39700B73053 /* Project object */ = {
			isa = PBXProject;
			attributes = {
				BuildIndependentTargetsInParallel = 1;
				LastSwiftUpdateCheck = 1340;
				LastUpgradeCheck = 1340;
				TargetAttributes = {
					BA36D83D28C8C39800B73053 = {
						CreatedOnToolsVersion = 13.4.1;
					};
					BA36D85628C8C3A400B73053 = {
						CreatedOnToolsVersion = 13.4.1;
						TestTargetID = BA36D83D28C8C39800B73053;
					};
					BA36D86028C8C3A400B73053 = {
						CreatedOnToolsVersion = 13.4.1;
						TestTargetID = BA36D83D28C8C39800B73053;
					};
				};
			};
			buildConfigurationList = BA36D83928C8C39700B73053 /* Build configuration list for PBXProject "LateNightChauffeurs" */;
			compatibilityVersion = "Xcode 13.0";
			developmentRegion = en;
			hasScannedForEncodings = 0;
			knownRegions = (
				en,
				Base,
			);
			mainGroup = BA36D83528C8C39700B73053;
			productRefGroup = BA36D83F28C8C39800B73053 /* Products */;
			projectDirPath = "";
			projectRoot = "";
			targets = (
				BA36D83D28C8C39800B73053 /* LateNightChauffeurs */,
				BA36D85628C8C3A400B73053 /* LateNightChauffeursTests */,
				BA36D86028C8C3A400B73053 /* LateNightChauffeursUITests */,
			);
		};
/* End PBXProject section */

/* Begin PBXResourcesBuildPhase section */
		BA36D83C28C8C39800B73053 /* Resources */ = {
			isa = PBXResourcesBuildPhase;
			buildActionMask = 2147483647;
			files = (
				BA726D0428C8D4E000E8D351 /* expanded.png in Resources */,
				BA36D85128C8C3A300B73053 /* LaunchScreen.storyboard in Resources */,
				BA726D0028C8D3EC00E8D351 /* background.png in Resources */,
				BA726D0528C8D4E000E8D351 /* collapsed.png in Resources */,
				BA36D84E28C8C3A300B73053 /* Assets.xcassets in Resources */,
				BA36D84928C8C39800B73053 /* Main.storyboard in Resources */,
			);
			runOnlyForDeploymentPostprocessing = 0;
		};
		BA36D85528C8C3A400B73053 /* Resources */ = {
			isa = PBXResourcesBuildPhase;
			buildActionMask = 2147483647;
			files = (
			);
			runOnlyForDeploymentPostprocessing = 0;
		};
		BA36D85F28C8C3A400B73053 /* Resources */ = {
			isa = PBXResourcesBuildPhase;
			buildActionMask = 2147483647;
			files = (
			);
			runOnlyForDeploymentPostprocessing = 0;
		};
/* End PBXResourcesBuildPhase section */

/* Begin PBXShellScriptBuildPhase section */
		253EC80B7CC2B412660E5C66 /* [CP] Embed Pods Frameworks */ = {
			isa = PBXShellScriptBuildPhase;
			buildActionMask = 2147483647;
			files = (
			);
			inputFileListPaths = (
				"${PODS_ROOT}/Target Support Files/Pods-LateNightChauffeurs-LateNightChauffeursUITests/Pods-LateNightChauffeurs-LateNightChauffeursUITests-frameworks-${CONFIGURATION}-input-files.xcfilelist",
			);
			name = "[CP] Embed Pods Frameworks";
			outputFileListPaths = (
				"${PODS_ROOT}/Target Support Files/Pods-LateNightChauffeurs-LateNightChauffeursUITests/Pods-LateNightChauffeurs-LateNightChauffeursUITests-frameworks-${CONFIGURATION}-output-files.xcfilelist",
			);
			runOnlyForDeploymentPostprocessing = 0;
			shellPath = /bin/sh;
			shellScript = "\"${PODS_ROOT}/Target Support Files/Pods-LateNightChauffeurs-LateNightChauffeursUITests/Pods-LateNightChauffeurs-LateNightChauffeursUITests-frameworks.sh\"\n";
			showEnvVarsInLog = 0;
		};
		3694ED3355CC8F753DDFCD70 /* [CP] Copy Pods Resources */ = {
			isa = PBXShellScriptBuildPhase;
			buildActionMask = 2147483647;
			files = (
			);
			inputFileListPaths = (
				"${PODS_ROOT}/Target Support Files/Pods-LateNightChauffeurs-LateNightChauffeursUITests/Pods-LateNightChauffeurs-LateNightChauffeursUITests-resources-${CONFIGURATION}-input-files.xcfilelist",
			);
			name = "[CP] Copy Pods Resources";
			outputFileListPaths = (
				"${PODS_ROOT}/Target Support Files/Pods-LateNightChauffeurs-LateNightChauffeursUITests/Pods-LateNightChauffeurs-LateNightChauffeursUITests-resources-${CONFIGURATION}-output-files.xcfilelist",
			);
			runOnlyForDeploymentPostprocessing = 0;
			shellPath = /bin/sh;
			shellScript = "\"${PODS_ROOT}/Target Support Files/Pods-LateNightChauffeurs-LateNightChauffeursUITests/Pods-LateNightChauffeurs-LateNightChauffeursUITests-resources.sh\"\n";
			showEnvVarsInLog = 0;
		};
		60F4C9CDBB1788357E71BF07 /* [CP] Embed Pods Frameworks */ = {
			isa = PBXShellScriptBuildPhase;
			buildActionMask = 2147483647;
			files = (
			);
			inputFileListPaths = (
				"${PODS_ROOT}/Target Support Files/Pods-LateNightChauffeurs/Pods-LateNightChauffeurs-frameworks-${CONFIGURATION}-input-files.xcfilelist",
			);
			name = "[CP] Embed Pods Frameworks";
			outputFileListPaths = (
				"${PODS_ROOT}/Target Support Files/Pods-LateNightChauffeurs/Pods-LateNightChauffeurs-frameworks-${CONFIGURATION}-output-files.xcfilelist",
			);
			runOnlyForDeploymentPostprocessing = 0;
			shellPath = /bin/sh;
			shellScript = "\"${PODS_ROOT}/Target Support Files/Pods-LateNightChauffeurs/Pods-LateNightChauffeurs-frameworks.sh\"\n";
			showEnvVarsInLog = 0;
		};
		92847A964878FE112FCA9FE4 /* [CP] Check Pods Manifest.lock */ = {
			isa = PBXShellScriptBuildPhase;
			buildActionMask = 2147483647;
			files = (
			);
			inputFileListPaths = (
			);
			inputPaths = (
				"${PODS_PODFILE_DIR_PATH}/Podfile.lock",
				"${PODS_ROOT}/Manifest.lock",
			);
			name = "[CP] Check Pods Manifest.lock";
			outputFileListPaths = (
			);
			outputPaths = (
				"$(DERIVED_FILE_DIR)/Pods-LateNightChauffeurs-checkManifestLockResult.txt",
			);
			runOnlyForDeploymentPostprocessing = 0;
			shellPath = /bin/sh;
			shellScript = "diff \"${PODS_PODFILE_DIR_PATH}/Podfile.lock\" \"${PODS_ROOT}/Manifest.lock\" > /dev/null\nif [ $? != 0 ] ; then\n    # print error to STDERR\n    echo \"error: The sandbox is not in sync with the Podfile.lock. Run 'pod install' or update your CocoaPods installation.\" >&2\n    exit 1\nfi\n# This output is used by Xcode 'outputs' to avoid re-running this script phase.\necho \"SUCCESS\" > \"${SCRIPT_OUTPUT_FILE_0}\"\n";
			showEnvVarsInLog = 0;
		};
		B198407F96D62A1380E31D25 /* [CP] Copy Pods Resources */ = {
			isa = PBXShellScriptBuildPhase;
			buildActionMask = 2147483647;
			files = (
			);
			inputFileListPaths = (
				"${PODS_ROOT}/Target Support Files/Pods-LateNightChauffeurs/Pods-LateNightChauffeurs-resources-${CONFIGURATION}-input-files.xcfilelist",
			);
			name = "[CP] Copy Pods Resources";
			outputFileListPaths = (
				"${PODS_ROOT}/Target Support Files/Pods-LateNightChauffeurs/Pods-LateNightChauffeurs-resources-${CONFIGURATION}-output-files.xcfilelist",
			);
			runOnlyForDeploymentPostprocessing = 0;
			shellPath = /bin/sh;
			shellScript = "\"${PODS_ROOT}/Target Support Files/Pods-LateNightChauffeurs/Pods-LateNightChauffeurs-resources.sh\"\n";
			showEnvVarsInLog = 0;
		};
		EA525AFDDAB7C1A7C10C39CE /* [CP] Check Pods Manifest.lock */ = {
			isa = PBXShellScriptBuildPhase;
			buildActionMask = 2147483647;
			files = (
			);
			inputFileListPaths = (
			);
			inputPaths = (
				"${PODS_PODFILE_DIR_PATH}/Podfile.lock",
				"${PODS_ROOT}/Manifest.lock",
			);
			name = "[CP] Check Pods Manifest.lock";
			outputFileListPaths = (
			);
			outputPaths = (
				"$(DERIVED_FILE_DIR)/Pods-LateNightChauffeurs-LateNightChauffeursUITests-checkManifestLockResult.txt",
			);
			runOnlyForDeploymentPostprocessing = 0;
			shellPath = /bin/sh;
			shellScript = "diff \"${PODS_PODFILE_DIR_PATH}/Podfile.lock\" \"${PODS_ROOT}/Manifest.lock\" > /dev/null\nif [ $? != 0 ] ; then\n    # print error to STDERR\n    echo \"error: The sandbox is not in sync with the Podfile.lock. Run 'pod install' or update your CocoaPods installation.\" >&2\n    exit 1\nfi\n# This output is used by Xcode 'outputs' to avoid re-running this script phase.\necho \"SUCCESS\" > \"${SCRIPT_OUTPUT_FILE_0}\"\n";
			showEnvVarsInLog = 0;
		};
		FBC30B6CF599A2E15305E9EC /* [CP] Check Pods Manifest.lock */ = {
			isa = PBXShellScriptBuildPhase;
			buildActionMask = 2147483647;
			files = (
			);
			inputFileListPaths = (
			);
			inputPaths = (
				"${PODS_PODFILE_DIR_PATH}/Podfile.lock",
				"${PODS_ROOT}/Manifest.lock",
			);
			name = "[CP] Check Pods Manifest.lock";
			outputFileListPaths = (
			);
			outputPaths = (
				"$(DERIVED_FILE_DIR)/Pods-LateNightChauffeursTests-checkManifestLockResult.txt",
			);
			runOnlyForDeploymentPostprocessing = 0;
			shellPath = /bin/sh;
			shellScript = "diff \"${PODS_PODFILE_DIR_PATH}/Podfile.lock\" \"${PODS_ROOT}/Manifest.lock\" > /dev/null\nif [ $? != 0 ] ; then\n    # print error to STDERR\n    echo \"error: The sandbox is not in sync with the Podfile.lock. Run 'pod install' or update your CocoaPods installation.\" >&2\n    exit 1\nfi\n# This output is used by Xcode 'outputs' to avoid re-running this script phase.\necho \"SUCCESS\" > \"${SCRIPT_OUTPUT_FILE_0}\"\n";
			showEnvVarsInLog = 0;
		};
/* End PBXShellScriptBuildPhase section */

/* Begin PBXSourcesBuildPhase section */
		BA36D83A28C8C39800B73053 /* Sources */ = {
			isa = PBXSourcesBuildPhase;
			buildActionMask = 2147483647;
			files = (
				BA36D84C28C8C39800B73053 /* LateNightChauffeurs.xcdatamodeld in Sources */,
				BA36D84628C8C39800B73053 /* ViewController.swift in Sources */,
				BA36D84228C8C39800B73053 /* AppDelegate.swift in Sources */,
			);
			runOnlyForDeploymentPostprocessing = 0;
		};
		BA36D85328C8C3A400B73053 /* Sources */ = {
			isa = PBXSourcesBuildPhase;
			buildActionMask = 2147483647;
			files = (
				BA36D85C28C8C3A400B73053 /* LateNightChauffeursTests.swift in Sources */,
			);
			runOnlyForDeploymentPostprocessing = 0;
		};
		BA36D85D28C8C3A400B73053 /* Sources */ = {
			isa = PBXSourcesBuildPhase;
			buildActionMask = 2147483647;
			files = (
				BA36D86628C8C3A400B73053 /* LateNightChauffeursUITests.swift in Sources */,
				BA36D86828C8C3A400B73053 /* LateNightChauffeursUITestsLaunchTests.swift in Sources */,
			);
			runOnlyForDeploymentPostprocessing = 0;
		};
/* End PBXSourcesBuildPhase section */

/* Begin PBXTargetDependency section */
		BA36D85928C8C3A400B73053 /* PBXTargetDependency */ = {
			isa = PBXTargetDependency;
			target = BA36D83D28C8C39800B73053 /* LateNightChauffeurs */;
			targetProxy = BA36D85828C8C3A400B73053 /* PBXContainerItemProxy */;
		};
		BA36D86328C8C3A400B73053 /* PBXTargetDependency */ = {
			isa = PBXTargetDependency;
			target = BA36D83D28C8C39800B73053 /* LateNightChauffeurs */;
			targetProxy = BA36D86228C8C3A400B73053 /* PBXContainerItemProxy */;
		};
/* End PBXTargetDependency section */

/* Begin PBXVariantGroup section */
		BA36D84728C8C39800B73053 /* Main.storyboard */ = {
			isa = PBXVariantGroup;
			children = (
				BA36D84828C8C39800B73053 /* Base */,
			);
			name = Main.storyboard;
			sourceTree = "<group>";
		};
		BA36D84F28C8C3A300B73053 /* LaunchScreen.storyboard */ = {
			isa = PBXVariantGroup;
			children = (
				BA36D85028C8C3A300B73053 /* Base */,
			);
			name = LaunchScreen.storyboard;
			sourceTree = "<group>";
		};
/* End PBXVariantGroup section */

/* Begin XCBuildConfiguration section */
		BA36D86928C8C3A400B73053 /* Debug */ = {
			isa = XCBuildConfiguration;
			buildSettings = {
				ALWAYS_SEARCH_USER_PATHS = NO;
				CLANG_ANALYZER_NONNULL = YES;
				CLANG_ANALYZER_NUMBER_OBJECT_CONVERSION = YES_AGGRESSIVE;
				CLANG_CXX_LANGUAGE_STANDARD = "gnu++17";
				CLANG_ENABLE_MODULES = YES;
				CLANG_ENABLE_OBJC_ARC = YES;
				CLANG_ENABLE_OBJC_WEAK = YES;
				CLANG_WARN_BLOCK_CAPTURE_AUTORELEASING = YES;
				CLANG_WARN_BOOL_CONVERSION = YES;
				CLANG_WARN_COMMA = YES;
				CLANG_WARN_CONSTANT_CONVERSION = YES;
				CLANG_WARN_DEPRECATED_OBJC_IMPLEMENTATIONS = YES;
				CLANG_WARN_DIRECT_OBJC_ISA_USAGE = YES_ERROR;
				CLANG_WARN_DOCUMENTATION_COMMENTS = YES;
				CLANG_WARN_EMPTY_BODY = YES;
				CLANG_WARN_ENUM_CONVERSION = YES;
				CLANG_WARN_INFINITE_RECURSION = YES;
				CLANG_WARN_INT_CONVERSION = YES;
				CLANG_WARN_NON_LITERAL_NULL_CONVERSION = YES;
				CLANG_WARN_OBJC_IMPLICIT_RETAIN_SELF = YES;
				CLANG_WARN_OBJC_LITERAL_CONVERSION = YES;
				CLANG_WARN_OBJC_ROOT_CLASS = YES_ERROR;
				CLANG_WARN_QUOTED_INCLUDE_IN_FRAMEWORK_HEADER = YES;
				CLANG_WARN_RANGE_LOOP_ANALYSIS = YES;
				CLANG_WARN_STRICT_PROTOTYPES = YES;
				CLANG_WARN_SUSPICIOUS_MOVE = YES;
				CLANG_WARN_UNGUARDED_AVAILABILITY = YES_AGGRESSIVE;
				CLANG_WARN_UNREACHABLE_CODE = YES;
				CLANG_WARN__DUPLICATE_METHOD_MATCH = YES;
				COPY_PHASE_STRIP = NO;
				DEBUG_INFORMATION_FORMAT = dwarf;
				ENABLE_STRICT_OBJC_MSGSEND = YES;
				ENABLE_TESTABILITY = YES;
				GCC_C_LANGUAGE_STANDARD = gnu11;
				GCC_DYNAMIC_NO_PIC = NO;
				GCC_NO_COMMON_BLOCKS = YES;
				GCC_OPTIMIZATION_LEVEL = 0;
				GCC_PREPROCESSOR_DEFINITIONS = (
					"DEBUG=1",
					"$(inherited)",
				);
				GCC_WARN_64_TO_32_BIT_CONVERSION = YES;
				GCC_WARN_ABOUT_RETURN_TYPE = YES_ERROR;
				GCC_WARN_UNDECLARED_SELECTOR = YES;
				GCC_WARN_UNINITIALIZED_AUTOS = YES_AGGRESSIVE;
				GCC_WARN_UNUSED_FUNCTION = YES;
				GCC_WARN_UNUSED_VARIABLE = YES;
				IPHONEOS_DEPLOYMENT_TARGET = 15.5;
				MTL_ENABLE_DEBUG_INFO = INCLUDE_SOURCE;
				MTL_FAST_MATH = YES;
				ONLY_ACTIVE_ARCH = YES;
				SDKROOT = iphoneos;
				SWIFT_ACTIVE_COMPILATION_CONDITIONS = DEBUG;
				SWIFT_OPTIMIZATION_LEVEL = "-Onone";
			};
			name = Debug;
		};
		BA36D86A28C8C3A400B73053 /* Release */ = {
			isa = XCBuildConfiguration;
			buildSettings = {
				ALWAYS_SEARCH_USER_PATHS = NO;
				CLANG_ANALYZER_NONNULL = YES;
				CLANG_ANALYZER_NUMBER_OBJECT_CONVERSION = YES_AGGRESSIVE;
				CLANG_CXX_LANGUAGE_STANDARD = "gnu++17";
				CLANG_ENABLE_MODULES = YES;
				CLANG_ENABLE_OBJC_ARC = YES;
				CLANG_ENABLE_OBJC_WEAK = YES;
				CLANG_WARN_BLOCK_CAPTURE_AUTORELEASING = YES;
				CLANG_WARN_BOOL_CONVERSION = YES;
				CLANG_WARN_COMMA = YES;
				CLANG_WARN_CONSTANT_CONVERSION = YES;
				CLANG_WARN_DEPRECATED_OBJC_IMPLEMENTATIONS = YES;
				CLANG_WARN_DIRECT_OBJC_ISA_USAGE = YES_ERROR;
				CLANG_WARN_DOCUMENTATION_COMMENTS = YES;
				CLANG_WARN_EMPTY_BODY = YES;
				CLANG_WARN_ENUM_CONVERSION = YES;
				CLANG_WARN_INFINITE_RECURSION = YES;
				CLANG_WARN_INT_CONVERSION = YES;
				CLANG_WARN_NON_LITERAL_NULL_CONVERSION = YES;
				CLANG_WARN_OBJC_IMPLICIT_RETAIN_SELF = YES;
				CLANG_WARN_OBJC_LITERAL_CONVERSION = YES;
				CLANG_WARN_OBJC_ROOT_CLASS = YES_ERROR;
				CLANG_WARN_QUOTED_INCLUDE_IN_FRAMEWORK_HEADER = YES;
				CLANG_WARN_RANGE_LOOP_ANALYSIS = YES;
				CLANG_WARN_STRICT_PROTOTYPES = YES;
				CLANG_WARN_SUSPICIOUS_MOVE = YES;
				CLANG_WARN_UNGUARDED_AVAILABILITY = YES_AGGRESSIVE;
				CLANG_WARN_UNREACHABLE_CODE = YES;
				CLANG_WARN__DUPLICATE_METHOD_MATCH = YES;
				COPY_PHASE_STRIP = NO;
				DEBUG_INFORMATION_FORMAT = "dwarf-with-dsym";
				ENABLE_NS_ASSERTIONS = NO;
				ENABLE_STRICT_OBJC_MSGSEND = YES;
				GCC_C_LANGUAGE_STANDARD = gnu11;
				GCC_NO_COMMON_BLOCKS = YES;
				GCC_WARN_64_TO_32_BIT_CONVERSION = YES;
				GCC_WARN_ABOUT_RETURN_TYPE = YES_ERROR;
				GCC_WARN_UNDECLARED_SELECTOR = YES;
				GCC_WARN_UNINITIALIZED_AUTOS = YES_AGGRESSIVE;
				GCC_WARN_UNUSED_FUNCTION = YES;
				GCC_WARN_UNUSED_VARIABLE = YES;
				IPHONEOS_DEPLOYMENT_TARGET = 15.5;
				MTL_ENABLE_DEBUG_INFO = NO;
				MTL_FAST_MATH = YES;
				SDKROOT = iphoneos;
				SWIFT_COMPILATION_MODE = wholemodule;
				SWIFT_OPTIMIZATION_LEVEL = "-O";
				VALIDATE_PRODUCT = YES;
			};
			name = Release;
		};
		BA36D86C28C8C3A400B73053 /* Debug */ = {
			isa = XCBuildConfiguration;
			baseConfigurationReference = 610699CEE9C5A65B4A29E4EE /* Pods-LateNightChauffeurs.debug.xcconfig */;
			buildSettings = {
				ASSETCATALOG_COMPILER_APPICON_NAME = AppIcon;
				ASSETCATALOG_COMPILER_GLOBAL_ACCENT_COLOR_NAME = AccentColor;
				CODE_SIGN_ENTITLEMENTS = LateNightChauffeurs/LateNightChauffeurs.entitlements;
				CODE_SIGN_STYLE = Automatic;
				CURRENT_PROJECT_VERSION = 1;
				DEVELOPMENT_TEAM = W53RYF67AF;
				GENERATE_INFOPLIST_FILE = YES;
				INFOPLIST_FILE = LateNightChauffeurs/Info.plist;
				INFOPLIST_KEY_CFBundleDisplayName = "Late Night Chauffeurs";
				INFOPLIST_KEY_NSCameraUsageDescription = "This app requires to access your camera to set profile picture and share your image to driver";
				INFOPLIST_KEY_NSLocationAlwaysUsageDescription = "This app requires your current location to allow you to utlise cab service by using pickup and drop locations.";
				INFOPLIST_KEY_NSLocationWhenInUseUsageDescription = "This app requires your current location to allow you to utlise cab service by using pickup and drop locations.";
				INFOPLIST_KEY_NSPhotoLibraryUsageDescription = "This app requires to access your photo library to set profile picture and share your image to driver";
				INFOPLIST_KEY_UIApplicationSupportsIndirectInputEvents = YES;
				INFOPLIST_KEY_UILaunchStoryboardName = LaunchScreen;
				INFOPLIST_KEY_UIMainStoryboardFile = Main;
				INFOPLIST_KEY_UIRequiredDeviceCapabilities = armv7;
				INFOPLIST_KEY_UISupportedInterfaceOrientations = UIInterfaceOrientationPortrait;
				INFOPLIST_KEY_UISupportedInterfaceOrientations_iPad = "UIInterfaceOrientationPortrait UIInterfaceOrientationPortraitUpsideDown UIInterfaceOrientationLandscapeLeft UIInterfaceOrientationLandscapeRight";
				INFOPLIST_KEY_UISupportedInterfaceOrientations_iPhone = "UIInterfaceOrientationPortrait UIInterfaceOrientationLandscapeLeft UIInterfaceOrientationLandscapeRight";
				INFOPLIST_KEY_UIUserInterfaceStyle = Light;
				LD_RUNPATH_SEARCH_PATHS = (
					"$(inherited)",
					"@executable_path/Frameworks",
				);
				MARKETING_VERSION = 1.0;
				PRODUCT_BUNDLE_IDENTIFIER = com.AnaadITSolutions.LateNightChauffeurs;
				PRODUCT_NAME = "$(TARGET_NAME)";
				SWIFT_EMIT_LOC_STRINGS = YES;
				SWIFT_VERSION = 5.0;
				TARGETED_DEVICE_FAMILY = "1,2";
			};
			name = Debug;
		};
		BA36D86D28C8C3A400B73053 /* Release */ = {
			isa = XCBuildConfiguration;
			baseConfigurationReference = F7DF40909CFD97A3AA3CAAC8 /* Pods-LateNightChauffeurs.release.xcconfig */;
			buildSettings = {
				ASSETCATALOG_COMPILER_APPICON_NAME = AppIcon;
				ASSETCATALOG_COMPILER_GLOBAL_ACCENT_COLOR_NAME = AccentColor;
				CODE_SIGN_ENTITLEMENTS = LateNightChauffeurs/LateNightChauffeurs.entitlements;
				CODE_SIGN_STYLE = Automatic;
				CURRENT_PROJECT_VERSION = 1;
				DEVELOPMENT_TEAM = W53RYF67AF;
				GENERATE_INFOPLIST_FILE = YES;
				INFOPLIST_FILE = LateNightChauffeurs/Info.plist;
				INFOPLIST_KEY_CFBundleDisplayName = "Late Night Chauffeurs";
				INFOPLIST_KEY_NSCameraUsageDescription = "This app requires to access your camera to set profile picture and share your image to driver";
				INFOPLIST_KEY_NSLocationAlwaysUsageDescription = "This app requires your current location to allow you to utlise cab service by using pickup and drop locations.";
				INFOPLIST_KEY_NSLocationWhenInUseUsageDescription = "This app requires your current location to allow you to utlise cab service by using pickup and drop locations.";
				INFOPLIST_KEY_NSPhotoLibraryUsageDescription = "This app requires to access your photo library to set profile picture and share your image to driver";
				INFOPLIST_KEY_UIApplicationSupportsIndirectInputEvents = YES;
				INFOPLIST_KEY_UILaunchStoryboardName = LaunchScreen;
				INFOPLIST_KEY_UIMainStoryboardFile = Main;
				INFOPLIST_KEY_UIRequiredDeviceCapabilities = armv7;
				INFOPLIST_KEY_UISupportedInterfaceOrientations = UIInterfaceOrientationPortrait;
				INFOPLIST_KEY_UISupportedInterfaceOrientations_iPad = "UIInterfaceOrientationPortrait UIInterfaceOrientationPortraitUpsideDown UIInterfaceOrientationLandscapeLeft UIInterfaceOrientationLandscapeRight";
				INFOPLIST_KEY_UISupportedInterfaceOrientations_iPhone = "UIInterfaceOrientationPortrait UIInterfaceOrientationLandscapeLeft UIInterfaceOrientationLandscapeRight";
				INFOPLIST_KEY_UIUserInterfaceStyle = Light;
				LD_RUNPATH_SEARCH_PATHS = (
					"$(inherited)",
					"@executable_path/Frameworks",
				);
				MARKETING_VERSION = 1.0;
				PRODUCT_BUNDLE_IDENTIFIER = com.AnaadITSolutions.LateNightChauffeurs;
				PRODUCT_NAME = "$(TARGET_NAME)";
				SWIFT_EMIT_LOC_STRINGS = YES;
				SWIFT_VERSION = 5.0;
				TARGETED_DEVICE_FAMILY = "1,2";
			};
			name = Release;
		};
		BA36D86F28C8C3A400B73053 /* Debug */ = {
			isa = XCBuildConfiguration;
			baseConfigurationReference = 24CDEF3529B4C6383847DD44 /* Pods-LateNightChauffeursTests.debug.xcconfig */;
			buildSettings = {
				ALWAYS_EMBED_SWIFT_STANDARD_LIBRARIES = YES;
				BUNDLE_LOADER = "$(TEST_HOST)";
				CODE_SIGN_STYLE = Automatic;
				CURRENT_PROJECT_VERSION = 1;
				DEVELOPMENT_TEAM = W53RYF67AF;
				GENERATE_INFOPLIST_FILE = YES;
				IPHONEOS_DEPLOYMENT_TARGET = 15.5;
				MARKETING_VERSION = 1.0;
				PRODUCT_BUNDLE_IDENTIFIER = AnaadITSolutions.LateNightChauffeursTests;
				PRODUCT_NAME = "$(TARGET_NAME)";
				SWIFT_EMIT_LOC_STRINGS = NO;
				SWIFT_VERSION = 5.0;
				TARGETED_DEVICE_FAMILY = "1,2";
				TEST_HOST = "$(BUILT_PRODUCTS_DIR)/LateNightChauffeurs.app/LateNightChauffeurs";
			};
			name = Debug;
		};
		BA36D87028C8C3A400B73053 /* Release */ = {
			isa = XCBuildConfiguration;
			baseConfigurationReference = 22F738799C2CABF423305ABA /* Pods-LateNightChauffeursTests.release.xcconfig */;
			buildSettings = {
				ALWAYS_EMBED_SWIFT_STANDARD_LIBRARIES = YES;
				BUNDLE_LOADER = "$(TEST_HOST)";
				CODE_SIGN_STYLE = Automatic;
				CURRENT_PROJECT_VERSION = 1;
				DEVELOPMENT_TEAM = W53RYF67AF;
				GENERATE_INFOPLIST_FILE = YES;
				IPHONEOS_DEPLOYMENT_TARGET = 15.5;
				MARKETING_VERSION = 1.0;
				PRODUCT_BUNDLE_IDENTIFIER = AnaadITSolutions.LateNightChauffeursTests;
				PRODUCT_NAME = "$(TARGET_NAME)";
				SWIFT_EMIT_LOC_STRINGS = NO;
				SWIFT_VERSION = 5.0;
				TARGETED_DEVICE_FAMILY = "1,2";
				TEST_HOST = "$(BUILT_PRODUCTS_DIR)/LateNightChauffeurs.app/LateNightChauffeurs";
			};
			name = Release;
		};
		BA36D87228C8C3A400B73053 /* Debug */ = {
			isa = XCBuildConfiguration;
			baseConfigurationReference = 0F7A838214D8C6D343A0CB96 /* Pods-LateNightChauffeurs-LateNightChauffeursUITests.debug.xcconfig */;
			buildSettings = {
				ALWAYS_EMBED_SWIFT_STANDARD_LIBRARIES = YES;
				CODE_SIGN_STYLE = Automatic;
				CURRENT_PROJECT_VERSION = 1;
				DEVELOPMENT_TEAM = W53RYF67AF;
				GENERATE_INFOPLIST_FILE = YES;
				MARKETING_VERSION = 1.0;
				PRODUCT_BUNDLE_IDENTIFIER = AnaadITSolutions.LateNightChauffeursUITests;
				PRODUCT_NAME = "$(TARGET_NAME)";
				SWIFT_EMIT_LOC_STRINGS = NO;
				SWIFT_VERSION = 5.0;
				TARGETED_DEVICE_FAMILY = "1,2";
				TEST_TARGET_NAME = LateNightChauffeurs;
			};
			name = Debug;
		};
		BA36D87328C8C3A400B73053 /* Release */ = {
			isa = XCBuildConfiguration;
			baseConfigurationReference = 68F165CB21FC19D2ABC49E41 /* Pods-LateNightChauffeurs-LateNightChauffeursUITests.release.xcconfig */;
			buildSettings = {
				ALWAYS_EMBED_SWIFT_STANDARD_LIBRARIES = YES;
				CODE_SIGN_STYLE = Automatic;
				CURRENT_PROJECT_VERSION = 1;
				DEVELOPMENT_TEAM = W53RYF67AF;
				GENERATE_INFOPLIST_FILE = YES;
				MARKETING_VERSION = 1.0;
				PRODUCT_BUNDLE_IDENTIFIER = AnaadITSolutions.LateNightChauffeursUITests;
				PRODUCT_NAME = "$(TARGET_NAME)";
				SWIFT_EMIT_LOC_STRINGS = NO;
				SWIFT_VERSION = 5.0;
				TARGETED_DEVICE_FAMILY = "1,2";
				TEST_TARGET_NAME = LateNightChauffeurs;
			};
			name = Release;
		};
/* End XCBuildConfiguration section */

/* Begin XCConfigurationList section */
		BA36D83928C8C39700B73053 /* Build configuration list for PBXProject "LateNightChauffeurs" */ = {
			isa = XCConfigurationList;
			buildConfigurations = (
				BA36D86928C8C3A400B73053 /* Debug */,
				BA36D86A28C8C3A400B73053 /* Release */,
			);
			defaultConfigurationIsVisible = 0;
			defaultConfigurationName = Release;
		};
		BA36D86B28C8C3A400B73053 /* Build configuration list for PBXNativeTarget "LateNightChauffeurs" */ = {
			isa = XCConfigurationList;
			buildConfigurations = (
				BA36D86C28C8C3A400B73053 /* Debug */,
				BA36D86D28C8C3A400B73053 /* Release */,
			);
			defaultConfigurationIsVisible = 0;
			defaultConfigurationName = Release;
		};
		BA36D86E28C8C3A400B73053 /* Build configuration list for PBXNativeTarget "LateNightChauffeursTests" */ = {
			isa = XCConfigurationList;
			buildConfigurations = (
				BA36D86F28C8C3A400B73053 /* Debug */,
				BA36D87028C8C3A400B73053 /* Release */,
			);
			defaultConfigurationIsVisible = 0;
			defaultConfigurationName = Release;
		};
		BA36D87128C8C3A400B73053 /* Build configuration list for PBXNativeTarget "LateNightChauffeursUITests" */ = {
			isa = XCConfigurationList;
			buildConfigurations = (
				BA36D87228C8C3A400B73053 /* Debug */,
				BA36D87328C8C3A400B73053 /* Release */,
			);
			defaultConfigurationIsVisible = 0;
			defaultConfigurationName = Release;
		};
/* End XCConfigurationList section */

/* Begin XCVersionGroup section */
		BA36D84A28C8C39800B73053 /* LateNightChauffeurs.xcdatamodeld */ = {
			isa = XCVersionGroup;
			children = (
				BA36D84B28C8C39800B73053 /* LateNightChauffeurs.xcdatamodel */,
			);
			currentVersion = BA36D84B28C8C39800B73053 /* LateNightChauffeurs.xcdatamodel */;
			path = LateNightChauffeurs.xcdatamodeld;
			sourceTree = "<group>";
			versionGroupType = wrapper.xcdatamodel;
		};
/* End XCVersionGroup section */
	};
	rootObject = BA36D83628C8C39700B73053 /* Project object */;
}
